// !$*UTF8*$!
{
	archiveVersion = 1;
	classes = {
	};
	objectVersion = 56;
	objects = {

/* Begin PBXBuildFile section */
		94BC38DD2A7FE1550092A6A6 /* main.cpp in Sources */ = {isa = PBXBuildFile; fileRef = 94BC38DC2A7FE1550092A6A6 /* main.cpp */; };
		94BC38E02A7FE1FA0092A6A6 /* Cocoa.framework in Frameworks */ = {isa = PBXBuildFile; fileRef = 94BC38DF2A7FE1FA0092A6A6 /* Cocoa.framework */; };
		94BC38E22A7FE2010092A6A6 /* GLUT.framework in Frameworks */ = {isa = PBXBuildFile; fileRef = 94BC38E12A7FE2010092A6A6 /* GLUT.framework */; };
		94BC38E42A7FE2080092A6A6 /* OpenGL.framework in Frameworks */ = {isa = PBXBuildFile; fileRef = 94BC38E32A7FE2080092A6A6 /* OpenGL.framework */; };
		94BC38E62A7FE20F0092A6A6 /* CoreVideo.framework in Frameworks */ = {isa = PBXBuildFile; fileRef = 94BC38E52A7FE20F0092A6A6 /* CoreVideo.framework */; };
		94BC38E82A7FE2160092A6A6 /* IOKit.framework in Frameworks */ = {isa = PBXBuildFile; fileRef = 94BC38E72A7FE2160092A6A6 /* IOKit.framework */; };
		94BC38EA2A7FE2230092A6A6 /* libglfw3.a in Frameworks */ = {isa = PBXBuildFile; fileRef = 94BC38E92A7FE2230092A6A6 /* libglfw3.a */; };
		94BC38EE2A7FE9CD0092A6A6 /* glad.c in Sources */ = {isa = PBXBuildFile; fileRef = 94BC38ED2A7FE9CD0092A6A6 /* glad.c */; };
/* End PBXBuildFile section */

/* Begin PBXCopyFilesBuildPhase section */
		94BC38CF2A7FE11F0092A6A6 /* CopyFiles */ = {
			isa = PBXCopyFilesBuildPhase;
			buildActionMask = 2147483647;
			dstPath = /usr/share/man/man1/;
			dstSubfolderSpec = 0;
			files = (
			);
			runOnlyForDeploymentPostprocessing = 1;
		};
/* End PBXCopyFilesBuildPhase section */

/* Begin PBXFileReference section */
		941FD5FF2A85EB6500C932DD /* VS.glsl */ = {isa = PBXFileReference; fileEncoding = 4; lastKnownFileType = text; path = VS.glsl; sourceTree = "<group>"; };
		94BC38D12A7FE11F0092A6A6 /* LearnOpenGL-01 */ = {isa = PBXFileReference; explicitFileType = "compiled.mach-o.executable"; includeInIndex = 0; path = "LearnOpenGL-01"; sourceTree = BUILT_PRODUCTS_DIR; };
		94BC38DC2A7FE1550092A6A6 /* main.cpp */ = {isa = PBXFileReference; lastKnownFileType = sourcecode.cpp.cpp; path = main.cpp; sourceTree = "<group>"; };
		94BC38DF2A7FE1FA0092A6A6 /* Cocoa.framework */ = {isa = PBXFileReference; lastKnownFileType = wrapper.framework; name = Cocoa.framework; path = System/Library/Frameworks/Cocoa.framework; sourceTree = SDKROOT; };
		94BC38E12A7FE2010092A6A6 /* GLUT.framework */ = {isa = PBXFileReference; lastKnownFileType = wrapper.framework; name = GLUT.framework; path = System/Library/Frameworks/GLUT.framework; sourceTree = SDKROOT; };
		94BC38E32A7FE2080092A6A6 /* OpenGL.framework */ = {isa = PBXFileReference; lastKnownFileType = wrapper.framework; name = OpenGL.framework; path = System/Library/Frameworks/OpenGL.framework; sourceTree = SDKROOT; };
		94BC38E52A7FE20F0092A6A6 /* CoreVideo.framework */ = {isa = PBXFileReference; lastKnownFileType = wrapper.framework; name = CoreVideo.framework; path = System/Library/Frameworks/CoreVideo.framework; sourceTree = SDKROOT; };
		94BC38E72A7FE2160092A6A6 /* IOKit.framework */ = {isa = PBXFileReference; lastKnownFileType = wrapper.framework; name = IOKit.framework; path = System/Library/Frameworks/IOKit.framework; sourceTree = SDKROOT; };
		94BC38E92A7FE2230092A6A6 /* libglfw3.a */ = {isa = PBXFileReference; lastKnownFileType = archive.ar; name = libglfw3.a; path = ../../3rd_party/GLFW/lib/libglfw3.a; sourceTree = "<group>"; };
		94BC38ED2A7FE9CD0092A6A6 /* glad.c */ = {isa = PBXFileReference; fileEncoding = 4; lastKnownFileType = sourcecode.c.c; name = glad.c; path = ../../3rd_party/GLAD/src/glad.c; sourceTree = "<group>"; };
/* End PBXFileReference section */

/* Begin PBXFrameworksBuildPhase section */
		94BC38CE2A7FE11F0092A6A6 /* Frameworks */ = {
			isa = PBXFrameworksBuildPhase;
			buildActionMask = 2147483647;
			files = (
				94BC38EA2A7FE2230092A6A6 /* libglfw3.a in Frameworks */,
				94BC38E82A7FE2160092A6A6 /* IOKit.framework in Frameworks */,
				94BC38E62A7FE20F0092A6A6 /* CoreVideo.framework in Frameworks */,
				94BC38E42A7FE2080092A6A6 /* OpenGL.framework in Frameworks */,
				94BC38E22A7FE2010092A6A6 /* GLUT.framework in Frameworks */,
				94BC38E02A7FE1FA0092A6A6 /* Cocoa.framework in Frameworks */,
			);
			runOnlyForDeploymentPostprocessing = 0;
		};
/* End PBXFrameworksBuildPhase section */

/* Begin PBXGroup section */
		941FD5FE2A85EA9700C932DD /* Shaders */ = {
			isa = PBXGroup;
			children = (
				941FD5FF2A85EB6500C932DD /* VS.glsl */,
			);
			path = Shaders;
			sourceTree = "<group>";
		};
		94BC38C82A7FE11F0092A6A6 = {
			isa = PBXGroup;
			children = (
				941FD5FE2A85EA9700C932DD /* Shaders */,
				94BC38EB2A7FE98D0092A6A6 /* Reference */,
				94BC38DB2A7FE1300092A6A6 /* Src */,
				94BC38D22A7FE11F0092A6A6 /* Products */,
				94BC38DE2A7FE1FA0092A6A6 /* Frameworks */,
			);
			sourceTree = "<group>";
		};
		94BC38D22A7FE11F0092A6A6 /* Products */ = {
			isa = PBXGroup;
			children = (
				94BC38D12A7FE11F0092A6A6 /* LearnOpenGL-01 */,
			);
			name = Products;
			sourceTree = "<group>";
		};
		94BC38DB2A7FE1300092A6A6 /* Src */ = {
			isa = PBXGroup;
			children = (
				94BC38DC2A7FE1550092A6A6 /* main.cpp */,
			);
			path = Src;
			sourceTree = "<group>";
		};
		94BC38DE2A7FE1FA0092A6A6 /* Frameworks */ = {
			isa = PBXGroup;
			children = (
				94BC38E92A7FE2230092A6A6 /* libglfw3.a */,
				94BC38E72A7FE2160092A6A6 /* IOKit.framework */,
				94BC38E52A7FE20F0092A6A6 /* CoreVideo.framework */,
				94BC38E32A7FE2080092A6A6 /* OpenGL.framework */,
				94BC38E12A7FE2010092A6A6 /* GLUT.framework */,
				94BC38DF2A7FE1FA0092A6A6 /* Cocoa.framework */,
			);
			name = Frameworks;
			sourceTree = "<group>";
		};
		94BC38EB2A7FE98D0092A6A6 /* Reference */ = {
			isa = PBXGroup;
			children = (
				94BC38ED2A7FE9CD0092A6A6 /* glad.c */,
			);
			name = Reference;
			sourceTree = "<group>";
		};
/* End PBXGroup section */

/* Begin PBXNativeTarget section */
		94BC38D02A7FE11F0092A6A6 /* LearnOpenGL-01 */ = {
			isa = PBXNativeTarget;
			buildConfigurationList = 94BC38D82A7FE11F0092A6A6 /* Build configuration list for PBXNativeTarget "LearnOpenGL-01" */;
			buildPhases = (
				94BC38CD2A7FE11F0092A6A6 /* Sources */,
				94BC38CE2A7FE11F0092A6A6 /* Frameworks */,
				94BC38CF2A7FE11F0092A6A6 /* CopyFiles */,
			);
			buildRules = (
			);
			dependencies = (
			);
			name = "LearnOpenGL-01";
			productName = "LearnOpenGL-01";
			productReference = 94BC38D12A7FE11F0092A6A6 /* LearnOpenGL-01 */;
			productType = "com.apple.product-type.tool";
		};
/* End PBXNativeTarget section */

/* Begin PBXProject section */
		94BC38C92A7FE11F0092A6A6 /* Project object */ = {
			isa = PBXProject;
			attributes = {
				BuildIndependentTargetsInParallel = 1;
				LastUpgradeCheck = 1430;
				TargetAttributes = {
					94BC38D02A7FE11F0092A6A6 = {
						CreatedOnToolsVersion = 14.3.1;
					};
				};
			};
			buildConfigurationList = 94BC38CC2A7FE11F0092A6A6 /* Build configuration list for PBXProject "LearnOpenGL-01" */;
			compatibilityVersion = "Xcode 14.0";
			developmentRegion = en;
			hasScannedForEncodings = 0;
			knownRegions = (
				en,
				Base,
			);
			mainGroup = 94BC38C82A7FE11F0092A6A6;
			productRefGroup = 94BC38D22A7FE11F0092A6A6 /* Products */;
			projectDirPath = "";
			projectRoot = "";
			targets = (
				94BC38D02A7FE11F0092A6A6 /* LearnOpenGL-01 */,
			);
		};
/* End PBXProject section */

/* Begin PBXSourcesBuildPhase section */
		94BC38CD2A7FE11F0092A6A6 /* Sources */ = {
			isa = PBXSourcesBuildPhase;
			buildActionMask = 2147483647;
			files = (
				94BC38DD2A7FE1550092A6A6 /* main.cpp in Sources */,
				94BC38EE2A7FE9CD0092A6A6 /* glad.c in Sources */,
			);
			runOnlyForDeploymentPostprocessing = 0;
		};
/* End PBXSourcesBuildPhase section */

/* Begin XCBuildConfiguration section */
		94BC38D62A7FE11F0092A6A6 /* Debug */ = {
			isa = XCBuildConfiguration;
			buildSettings = {
				ALWAYS_SEARCH_USER_PATHS = NO;
				CLANG_ANALYZER_NONNULL = YES;
				CLANG_ANALYZER_NUMBER_OBJECT_CONVERSION = YES_AGGRESSIVE;
				CLANG_CXX_LANGUAGE_STANDARD = "gnu++20";
				CLANG_ENABLE_MODULES = YES;
				CLANG_ENABLE_OBJC_ARC = YES;
				CLANG_ENABLE_OBJC_WEAK = YES;
				CLANG_WARN_BLOCK_CAPTURE_AUTORELEASING = YES;
				CLANG_WARN_BOOL_CONVERSION = YES;
				CLANG_WARN_COMMA = YES;
				CLANG_WARN_CONSTANT_CONVERSION = YES;
				CLANG_WARN_DEPRECATED_OBJC_IMPLEMENTATIONS = YES;
				CLANG_WARN_DIRECT_OBJC_ISA_USAGE = YES_ERROR;
				CLANG_WARN_DOCUMENTATION_COMMENTS = YES;
				CLANG_WARN_EMPTY_BODY = YES;
				CLANG_WARN_ENUM_CONVERSION = YES;
				CLANG_WARN_INFINITE_RECURSION = YES;
				CLANG_WARN_INT_CONVERSION = YES;
				CLANG_WARN_NON_LITERAL_NULL_CONVERSION = YES;
				CLANG_WARN_OBJC_IMPLICIT_RETAIN_SELF = YES;
				CLANG_WARN_OBJC_LITERAL_CONVERSION = YES;
				CLANG_WARN_OBJC_ROOT_CLASS = YES_ERROR;
				CLANG_WARN_QUOTED_INCLUDE_IN_FRAMEWORK_HEADER = YES;
				CLANG_WARN_RANGE_LOOP_ANALYSIS = YES;
				CLANG_WARN_STRICT_PROTOTYPES = YES;
				CLANG_WARN_SUSPICIOUS_MOVE = YES;
				CLANG_WARN_UNGUARDED_AVAILABILITY = YES_AGGRESSIVE;
				CLANG_WARN_UNREACHABLE_CODE = YES;
				CLANG_WARN__DUPLICATE_METHOD_MATCH = YES;
				COPY_PHASE_STRIP = NO;
				DEBUG_INFORMATION_FORMAT = dwarf;
				ENABLE_STRICT_OBJC_MSGSEND = YES;
				ENABLE_TESTABILITY = YES;
				GCC_C_LANGUAGE_STANDARD = gnu11;
				GCC_DYNAMIC_NO_PIC = NO;
				GCC_NO_COMMON_BLOCKS = YES;
				GCC_OPTIMIZATION_LEVEL = 0;
				GCC_PREPROCESSOR_DEFINITIONS = (
					"DEBUG=1",
					"$(inherited)",
				);
				GCC_WARN_64_TO_32_BIT_CONVERSION = YES;
				GCC_WARN_ABOUT_RETURN_TYPE = YES_ERROR;
				GCC_WARN_UNDECLARED_SELECTOR = YES;
				GCC_WARN_UNINITIALIZED_AUTOS = YES_AGGRESSIVE;
				GCC_WARN_UNUSED_FUNCTION = YES;
				GCC_WARN_UNUSED_VARIABLE = YES;
				MACOSX_DEPLOYMENT_TARGET = 13.3;
				MTL_ENABLE_DEBUG_INFO = INCLUDE_SOURCE;
				MTL_FAST_MATH = YES;
				ONLY_ACTIVE_ARCH = YES;
				SDKROOT = macosx;
			};
			name = Debug;
		};
		94BC38D72A7FE11F0092A6A6 /* Release */ = {
			isa = XCBuildConfiguration;
			buildSettings = {
				ALWAYS_SEARCH_USER_PATHS = NO;
				CLANG_ANALYZER_NONNULL = YES;
				CLANG_ANALYZER_NUMBER_OBJECT_CONVERSION = YES_AGGRESSIVE;
				CLANG_CXX_LANGUAGE_STANDARD = "gnu++20";
				CLANG_ENABLE_MODULES = YES;
				CLANG_ENABLE_OBJC_ARC = YES;
				CLANG_ENABLE_OBJC_WEAK = YES;
				CLANG_WARN_BLOCK_CAPTURE_AUTORELEASING = YES;
				CLANG_WARN_BOOL_CONVERSION = YES;
				CLANG_WARN_COMMA = YES;
				CLANG_WARN_CONSTANT_CONVERSION = YES;
				CLANG_WARN_DEPRECATED_OBJC_IMPLEMENTATIONS = YES;
				CLANG_WARN_DIRECT_OBJC_ISA_USAGE = YES_ERROR;
				CLANG_WARN_DOCUMENTATION_COMMENTS = YES;
				CLANG_WARN_EMPTY_BODY = YES;
				CLANG_WARN_ENUM_CONVERSION = YES;
				CLANG_WARN_INFINITE_RECURSION = YES;
				CLANG_WARN_INT_CONVERSION = YES;
				CLANG_WARN_NON_LITERAL_NULL_CONVERSION = YES;
				CLANG_WARN_OBJC_IMPLICIT_RETAIN_SELF = YES;
				CLANG_WARN_OBJC_LITERAL_CONVERSION = YES;
				CLANG_WARN_OBJC_ROOT_CLASS = YES_ERROR;
				CLANG_WARN_QUOTED_INCLUDE_IN_FRAMEWORK_HEADER = YES;
				CLANG_WARN_RANGE_LOOP_ANALYSIS = YES;
				CLANG_WARN_STRICT_PROTOTYPES = YES;
				CLANG_WARN_SUSPICIOUS_MOVE = YES;
				CLANG_WARN_UNGUARDED_AVAILABILITY = YES_AGGRESSIVE;
				CLANG_WARN_UNREACHABLE_CODE = YES;
				CLANG_WARN__DUPLICATE_METHOD_MATCH = YES;
				COPY_PHASE_STRIP = NO;
				DEBUG_INFORMATION_FORMAT = "dwarf-with-dsym";
				ENABLE_NS_ASSERTIONS = NO;
				ENABLE_STRICT_OBJC_MSGSEND = YES;
				GCC_C_LANGUAGE_STANDARD = gnu11;
				GCC_NO_COMMON_BLOCKS = YES;
				GCC_WARN_64_TO_32_BIT_CONVERSION = YES;
				GCC_WARN_ABOUT_RETURN_TYPE = YES_ERROR;
				GCC_WARN_UNDECLARED_SELECTOR = YES;
				GCC_WARN_UNINITIALIZED_AUTOS = YES_AGGRESSIVE;
				GCC_WARN_UNUSED_FUNCTION = YES;
				GCC_WARN_UNUSED_VARIABLE = YES;
				MACOSX_DEPLOYMENT_TARGET = 13.3;
				MTL_ENABLE_DEBUG_INFO = NO;
				MTL_FAST_MATH = YES;
				SDKROOT = macosx;
			};
			name = Release;
		};
		94BC38D92A7FE11F0092A6A6 /* Debug */ = {
			isa = XCBuildConfiguration;
			buildSettings = {
				CODE_SIGN_STYLE = Automatic;
				DEVELOPMENT_TEAM = YN5KT8SHL6;
				ENABLE_HARDENED_RUNTIME = YES;
				HEADER_SEARCH_PATHS = (
					"$(PROJECT_DIR)/../../3rd_party/GLAD/include",
					"$(PROJECT_DIR)/../../3rd_party/GLFW/include",
				);
				LIBRARY_SEARCH_PATHS = "$(PROJECT_DIR)/../../3rd_party/GLFW/lib";
				PRODUCT_NAME = "$(TARGET_NAME)";
			};
			name = Debug;
		};
		94BC38DA2A7FE11F0092A6A6 /* Release */ = {
			isa = XCBuildConfiguration;
			buildSettings = {
				CODE_SIGN_STYLE = Automatic;
				DEVELOPMENT_TEAM = YN5KT8SHL6;
				ENABLE_HARDENED_RUNTIME = YES;
				HEADER_SEARCH_PATHS = (
					"$(PROJECT_DIR)/../../3rd_party/GLAD/include",
					"$(PROJECT_DIR)/../../3rd_party/GLFW/include",
				);
				LIBRARY_SEARCH_PATHS = "$(PROJECT_DIR)/../../3rd_party/GLFW/lib";
				PRODUCT_NAME = "$(TARGET_NAME)";
			};
			name = Release;
		};
/* End XCBuildConfiguration section */

/* Begin XCConfigurationList section */
		94BC38CC2A7FE11F0092A6A6 /* Build configuration list for PBXProject "LearnOpenGL-01" */ = {
			isa = XCConfigurationList;
			buildConfigurations = (
				94BC38D62A7FE11F0092A6A6 /* Debug */,
				94BC38D72A7FE11F0092A6A6 /* Release */,
			);
			defaultConfigurationIsVisible = 0;
			defaultConfigurationName = Release;
		};
		94BC38D82A7FE11F0092A6A6 /* Build configuration list for PBXNativeTarget "LearnOpenGL-01" */ = {
			isa = XCConfigurationList;
			buildConfigurations = (
				94BC38D92A7FE11F0092A6A6 /* Debug */,
				94BC38DA2A7FE11F0092A6A6 /* Release */,
			);
			defaultConfigurationIsVisible = 0;
			defaultConfigurationName = Release;
		};
/* End XCConfigurationList section */
	};
	rootObject = 94BC38C92A7FE11F0092A6A6 /* Project object */;
}
